
Microsoft Visual Studio Solution File, Format Version 12.00
# Visual Studio Version 16
VisualStudioVersion = 16.0.30621.155
MinimumVisualStudioVersion = 10.0.40219.1
Project("{FAE04EC0-301F-11D3-BF4B-00C04F79EFBC}") = "ConsoleApp4", "ConsoleApp4\ConsoleApp4.csproj", "{95D9DBD6-FAB2-4595-976B-BAC66D9C446B}"
EndProject
Global
	GlobalSection(SolutionConfigurationPlatforms) = preSolution
		Debug|Any CPU = Debug|Any CPU
		Release|Any CPU = Release|Any CPU
	EndGlobalSection
	GlobalSection(ProjectConfigurationPlatforms) = postSolution
		{95D9DBD6-FAB2-4595-976B-BAC66D9C446B}.Debug|Any CPU.ActiveCfg = Debug|Any CPU
		{95D9DBD6-FAB2-4595-976B-BAC66D9C446B}.Debug|Any CPU.Build.0 = Debug|Any CPU
		{95D9DBD6-FAB2-4595-976B-BAC66D9C446B}.Release|Any CPU.ActiveCfg = Release|Any CPU
		{95D9DBD6-FAB2-4595-976B-BAC66D9C446B}.Release|Any CPU.Build.0 = Release|Any CPU
	EndGlobalSection
	GlobalSection(SolutionProperties) = preSolution
		HideSolutionNode = FALSE
	EndGlobalSection
	GlobalSection(ExtensibilityGlobals) = postSolution
		SolutionGuid = {BA49535C-CBA7-4887-9B46-B9F8323A0DF1}
	EndGlobalSection
EndGlobal
